# THIS IS AN AUTOGENERATED FILE. DO NOT EDIT THIS FILE DIRECTLY.
# yarn lockfile v1


vuex-module-decorators@^0.17.0:
  version "0.17.0"
  resolved "https://registry.yarnpkg.com/vuex-module-decorators/-/vuex-module-decorators-0.17.0.tgz#b170006f55f579f95415d7181fe5854830473d87"
  integrity sha512-EFzrR3oyRMTHwpIgYzhW0BVKD71+FBs2U5Mn/ZQwlsaPyROZexDXTZTSYOYeuwg0kqQsK/YBkG4sQ8B4jmVMPg==
